
Microsoft Visual Studio Solution File, Format Version 10.00
# Visual Web Developer Express 2008
Project("{FAE04EC0-301F-11D3-BF4B-00C04F79EFBC}") = "onlinebus", "onlinebus\onlinebus.csproj", "{6518A982-5F54-483E-979F-6FBDCF249420}"
EndProject
Global
	GlobalSection(SolutionConfigurationPlatforms) = preSolution
		Debug|Any CPU = Debug|Any CPU
		Release|Any CPU = Release|Any CPU
	EndGlobalSection
	GlobalSection(ProjectConfigurationPlatforms) = postSolution
		{6518A982-5F54-483E-979F-6FBDCF249420}.Debug|Any CPU.ActiveCfg = Debug|Any CPU
		{6518A982-5F54-483E-979F-6FBDCF249420}.Debug|Any CPU.Build.0 = Debug|Any CPU
		{6518A982-5F54-483E-979F-6FBDCF249420}.Release|Any CPU.ActiveCfg = Release|Any CPU
		{6518A982-5F54-483E-979F-6FBDCF249420}.Release|Any CPU.Build.0 = Release|Any CPU
	EndGlobalSection
	GlobalSection(SolutionProperties) = preSolution
		HideSolutionNode = FALSE
	EndGlobalSection
EndGlobal
